
Microsoft Visual Studio Solution File, Format Version 12.00
# Visual Studio Version 17
VisualStudioVersion = 17.11.35219.272
MinimumVisualStudioVersion = 10.0.40219.1
Project("{9A19103F-16F7-4668-BE54-9A1E7A4F7556}") = "LINQLabExercice", "LINQLabExercice\LINQLabExercice.csproj", "{6B8E6E82-7AC8-4C75-8D2F-F014C4A0E9C5}"
EndProject
Project("{2150E333-8FDC-42A3-9474-1A3956D46DE8}") = "Solution Items", "Solution Items", "{972373E7-77B2-4467-9BBD-7A77A59E5972}"
	ProjectSection(SolutionItems) = preProject
		.editorconfig = .editorconfig
	EndProjectSection
EndProject
Global
	GlobalSection(SolutionConfigurationPlatforms) = preSolution
		Debug|Any CPU = Debug|Any CPU
		Release|Any CPU = Release|Any CPU
	EndGlobalSection
	GlobalSection(ProjectConfigurationPlatforms) = postSolution
		{6B8E6E82-7AC8-4C75-8D2F-F014C4A0E9C5}.Debug|Any CPU.ActiveCfg = Debug|Any CPU
		{6B8E6E82-7AC8-4C75-8D2F-F014C4A0E9C5}.Debug|Any CPU.Build.0 = Debug|Any CPU
		{6B8E6E82-7AC8-4C75-8D2F-F014C4A0E9C5}.Release|Any CPU.ActiveCfg = Release|Any CPU
		{6B8E6E82-7AC8-4C75-8D2F-F014C4A0E9C5}.Release|Any CPU.Build.0 = Release|Any CPU
	EndGlobalSection
	GlobalSection(SolutionProperties) = preSolution
		HideSolutionNode = FALSE
	EndGlobalSection
	GlobalSection(ExtensibilityGlobals) = postSolution
		SolutionGuid = {BB88B813-BA6C-4AFA-873A-4DEA4D5F8BF1}
	EndGlobalSection
EndGlobal
